
Microsoft Visual Studio Solution File, Format Version 12.00
# Visual Studio Version 16
VisualStudioVersion = 16.0.29519.87
MinimumVisualStudioVersion = 10.0.40219.1
Project("{FAE04EC0-301F-11D3-BF4B-00C04F79EFBC}") = "web-api-2-portfolio-project", "web-api-2-portfolio-project\web-api-2-portfolio-project.csproj", "{40F00FAE-F073-4A3B-99F8-328559D91AAB}"
EndProject
Global
	GlobalSection(SolutionConfigurationPlatforms) = preSolution
		Debug|Any CPU = Debug|Any CPU
		Release|Any CPU = Release|Any CPU
	EndGlobalSection
	GlobalSection(ProjectConfigurationPlatforms) = postSolution
		{40F00FAE-F073-4A3B-99F8-328559D91AAB}.Debug|Any CPU.ActiveCfg = Debug|Any CPU
		{40F00FAE-F073-4A3B-99F8-328559D91AAB}.Debug|Any CPU.Build.0 = Debug|Any CPU
		{40F00FAE-F073-4A3B-99F8-328559D91AAB}.Release|Any CPU.ActiveCfg = Release|Any CPU
		{40F00FAE-F073-4A3B-99F8-328559D91AAB}.Release|Any CPU.Build.0 = Release|Any CPU
	EndGlobalSection
	GlobalSection(SolutionProperties) = preSolution
		HideSolutionNode = FALSE
	EndGlobalSection
	GlobalSection(ExtensibilityGlobals) = postSolution
		SolutionGuid = {4E688A53-C11C-4233-84ED-BE67D4041DAB}
	EndGlobalSection
EndGlobal
